<?xml version="1.0" encoding="utf-8"?>
<Project ToolsVersion="4.0" xmlns="http://schemas.microsoft.com/developer/msbuild/2003">
  <ItemGroup>
    <Filter Include="Utils">
      <UniqueIdentifier>{6897ec37-10ba-46bb-af5a-d87e8155dbbf}</UniqueIdentifier>
    </Filter>
    <Filter Include="Resources">
      <UniqueIdentifier>{0efe9c13-6183-4c2c-832f-7b9e03c0af81}</UniqueIdentifier>
    </Filter>
    <Filter Include="Math">
      <UniqueIdentifier>{947ff596-4f44-479c-83da-3d73818002a9}</UniqueIdentifier>
    </Filter>
    <Filter Include="Rendering">
      <UniqueIdentifier>{ee006dfd-3ff2-40be-ab1e-75c5401bdc0d}</UniqueIdentifier>
    </Filter>
    <Filter Include="Runners">
      <UniqueIdentifier>{d64a85d7-397e-4fdc-a313-bafb5e00147e}</UniqueIdentifier>
    </Filter>
    <Filter Include="Shaders">
      <UniqueIdentifier>{bc99656a-ab0c-42c5-b368-084057c2ebf8}</UniqueIdentifier>
    </Filter>
    <Filter Include="Raytracing">
      <UniqueIdentifier>{99754385-78c4-4170-a243-c1513a21c797}</UniqueIdentifier>
    </Filter>
    <Filter Include="Raytracing\Primitives">
      <UniqueIdentifier>{27f5fe11-303d-4371-a98d-afd1d77015bf}</UniqueIdentifier>
    </Filter>
    <Filter Include="CLRaytracing">
      <UniqueIdentifier>{08159d90-8e48-4e1d-98fe-53296966efc5}</UniqueIdentifier>
    </Filter>
    <Filter Include="InteractiveStates">
      <UniqueIdentifier>{230aa0b1-03c2-47c7-9bc9-3458032bb98a}</UniqueIdentifier>
    </Filter>
    <Filter Include="Raytracing\Textures">
      <UniqueIdentifier>{9786b36f-6f8d-405f-a1c0-325c839b331d}</UniqueIdentifier>
    </Filter>
    <Filter Include="Tests">
      <UniqueIdentifier>{092f7e45-4acb-4fe5-b817-f311ac78a8de}</UniqueIdentifier>
    </Filter>
  </ItemGroup>
  <ItemGroup>
    <ClCompile Include="src\Utils\FpsCounter.cpp">
      <Filter>Utils</Filter>
    </ClCompile>
    <ClCompile Include="src\Utils\IniReader.cpp">
      <Filter>Utils</Filter>
    </ClCompile>
    <ClCompile Include="src\Utils\Log.cpp">
      <Filter>Utils</Filter>
    </ClCompile>
    <ClCompile Include="src\Math\Color.cpp">
      <Filter>Math</Filter>
    </ClCompile>
    <ClCompile Include="src\Math\Vector3.cpp">
      <Filter>Math</Filter>
    </ClCompile>
    <ClCompile Include="src\Math\Matrix4x4.cpp">
      <Filter>Math</Filter>
    </ClCompile>
    <ClCompile Include="src\Math\MathUtils.cpp">
      <Filter>Math</Filter>
    </ClCompile>
    <ClCompile Include="src\Math\EulerAngle.cpp">
      <Filter>Math</Filter>
    </ClCompile>
    <ClCompile Include="src\Math\Vector2.cpp">
      <Filter>Math</Filter>
    </ClCompile>
    <ClCompile Include="src\Rendering\Framebuffer.cpp">
      <Filter>Rendering</Filter>
    </ClCompile>
    <ClCompile Include="src\Runners\ConsoleRunner.cpp">
      <Filter>Runners</Filter>
    </ClCompile>
    <ClCompile Include="src\Runners\InteractiveRunner.cpp">
      <Filter>Runners</Filter>
    </ClCompile>
    <ClCompile Include="src\Utils\Settings.cpp">
      <Filter>Utils</Filter>
    </ClCompile>
    <ClCompile Include="src\App.cpp" />
    <ClCompile Include="src\Rendering\Text.cpp">
      <Filter>Rendering</Filter>
    </ClCompile>
    <ClCompile Include="src\Runners\NetworkRunner.cpp">
      <Filter>Runners</Filter>
    </ClCompile>
    <ClCompile Include="src\Math\Quaternion.cpp">
      <Filter>Math</Filter>
    </ClCompile>
    <ClCompile Include="src\Math\AxisAngle.cpp">
      <Filter>Math</Filter>
    </ClCompile>
    <ClCompile Include="src\Raytracing\Camera.cpp">
      <Filter>Raytracing</Filter>
    </ClCompile>
    <ClCompile Include="src\Raytracing\Raytracer.cpp">
      <Filter>Raytracing</Filter>
    </ClCompile>
    <ClCompile Include="src\Raytracing\Scene.cpp">
      <Filter>Raytracing</Filter>
    </ClCompile>
    <ClCompile Include="src\Utils\PerlinNoise.cpp">
      <Filter>Utils</Filter>
    </ClCompile>
    <ClCompile Include="src\Math\MovingAverage.cpp">
      <Filter>Math</Filter>
    </ClCompile>
    <ClCompile Include="src\CLRaytracing\CLRaytracer.cpp">
      <Filter>CLRaytracing</Filter>
    </ClCompile>
    <ClCompile Include="src\CLRaytracing\CLScene.cpp">
      <Filter>CLRaytracing</Filter>
    </ClCompile>
    <ClCompile Include="src\CLRaytracing\CLManager.cpp">
      <Filter>CLRaytracing</Filter>
    </ClCompile>
    <ClCompile Include="src\Rendering\GLHelper.cpp">
      <Filter>Rendering</Filter>
    </ClCompile>
    <ClCompile Include="src\InteractiveStates\RaytracingState.cpp">
      <Filter>InteractiveStates</Filter>
    </ClCompile>
    <ClCompile Include="src\Rendering\Image.cpp">
      <Filter>Rendering</Filter>
    </ClCompile>
    <ClCompile Include="src\Rendering\ToneMapper.cpp">
      <Filter>Rendering</Filter>
    </ClCompile>
    <ClCompile Include="src\Utils\PoissonDisc.cpp">
      <Filter>Utils</Filter>
    </ClCompile>
    <ClCompile Include="src\Utils\CellNoise.cpp">
      <Filter>Utils</Filter>
    </ClCompile>
    <ClCompile Include="src\Raytracing\Textures\CellNoiseTexture.cpp">
      <Filter>Raytracing\Textures</Filter>
    </ClCompile>
    <ClCompile Include="src\Raytracing\Textures\CheckerTexture.cpp">
      <Filter>Raytracing\Textures</Filter>
    </ClCompile>
    <ClCompile Include="src\Raytracing\Textures\ColorTexture.cpp">
      <Filter>Raytracing\Textures</Filter>
    </ClCompile>
    <ClCompile Include="src\Raytracing\Textures\FireTexture.cpp">
      <Filter>Raytracing\Textures</Filter>
    </ClCompile>
    <ClCompile Include="src\Raytracing\Textures\ImageTexture.cpp">
      <Filter>Raytracing\Textures</Filter>
    </ClCompile>
    <ClCompile Include="src\Raytracing\Textures\MarbleTexture.cpp">
      <Filter>Raytracing\Textures</Filter>
    </ClCompile>
    <ClCompile Include="src\Raytracing\Textures\PerlinNoiseTexture.cpp">
      <Filter>Raytracing\Textures</Filter>
    </ClCompile>
    <ClCompile Include="src\Raytracing\Textures\WoodTexture.cpp">
      <Filter>Raytracing\Textures</Filter>
    </ClCompile>
    <ClCompile Include="src\Raytracing\Primitives\Plane.cpp">
      <Filter>Raytracing\Primitives</Filter>
    </ClCompile>
    <ClCompile Include="src\Raytracing\Primitives\Sphere.cpp">
      <Filter>Raytracing\Primitives</Filter>
    </ClCompile>
    <ClCompile Include="src\Raytracing\Primitives\Triangle.cpp">
      <Filter>Raytracing\Primitives</Filter>
    </ClCompile>
    <ClCompile Include="src\Raytracing\Primitives\Mesh.cpp">
      <Filter>Raytracing\Primitives</Filter>
    </ClCompile>
    <ClCompile Include="src\Math\ColorGradient.cpp">
      <Filter>Math</Filter>
    </ClCompile>
    <ClCompile Include="src\Tests\ColorGradientTest.cpp">
      <Filter>Tests</Filter>
    </ClCompile>
    <ClCompile Include="src\Tests\EulerAngleTest.cpp">
      <Filter>Tests</Filter>
    </ClCompile>
    <ClCompile Include="src\Tests\ImageTest.cpp">
      <Filter>Tests</Filter>
    </ClCompile>
    <ClCompile Include="src\Tests\MathUtilsTest.cpp">
      <Filter>Tests</Filter>
    </ClCompile>
    <ClCompile Include="src\Tests\Matrix4x4Test.cpp">
      <Filter>Tests</Filter>
    </ClCompile>
    <ClCompile Include="src\Tests\Vector3Test.cpp">
      <Filter>Tests</Filter>
    </ClCompile>
    <ClCompile Include="src\Utils\StringUtils.cpp">
      <Filter>Utils</Filter>
    </ClCompile>
    <ClCompile Include="src\Utils\ObjReader.cpp">
      <Filter>Utils</Filter>
    </ClCompile>
    <ClCompile Include="src\Tests\ObjReaderTest.cpp">
      <Filter>Tests</Filter>
    </ClCompile>
    <ClCompile Include="src\Raytracing\Textures\AtmosphereTexture.cpp">
      <Filter>Raytracing\Textures</Filter>
    </ClCompile>
    <ClCompile Include="src\Raytracing\Textures\VoronoiTexture.cpp">
      <Filter>Raytracing\Textures</Filter>
    </ClCompile>
    <ClCompile Include="src\Utils\ValueNoise.cpp">
      <Filter>Utils</Filter>
    </ClCompile>
    <ClCompile Include="src\Raytracing\Textures\ValueNoiseTexture.cpp">
      <Filter>Raytracing\Textures</Filter>
    </ClCompile>
  </ItemGroup>
  <ItemGroup>
    <ClInclude Include="src\Utils\FpsCounter.h">
      <Filter>Utils</Filter>
    </ClInclude>
    <ClInclude Include="src\Utils\IniReader.h">
      <Filter>Utils</Filter>
    </ClInclude>
    <ClInclude Include="src\Utils\Log.h">
      <Filter>Utils</Filter>
    </ClInclude>
    <ClInclude Include="src\Math\Color.h">
      <Filter>Math</Filter>
    </ClInclude>
    <ClInclude Include="src\Math\Vector3.h">
      <Filter>Math</Filter>
    </ClInclude>
    <ClInclude Include="src\Math\Matrix4x4.h">
      <Filter>Math</Filter>
    </ClInclude>
    <ClInclude Include="src\Math\MathUtils.h">
      <Filter>Math</Filter>
    </ClInclude>
    <ClInclude Include="src\Math\EulerAngle.h">
      <Filter>Math</Filter>
    </ClInclude>
    <ClInclude Include="src\Math\Vector2.h">
      <Filter>Math</Filter>
    </ClInclude>
    <ClInclude Include="src\Rendering\Framebuffer.h">
      <Filter>Rendering</Filter>
    </ClInclude>
    <ClInclude Include="src\Runners\ConsoleRunner.h">
      <Filter>Runners</Filter>
    </ClInclude>
    <ClInclude Include="src\Runners\InteractiveRunner.h">
      <Filter>Runners</Filter>
    </ClInclude>
    <ClInclude Include="src\Utils\Settings.h">
      <Filter>Utils</Filter>
    </ClInclude>
    <ClInclude Include="src\App.h" />
    <ClInclude Include="src\Rendering\Text.h">
      <Filter>Rendering</Filter>
    </ClInclude>
    <ClInclude Include="src\Runners\NetworkRunner.h">
      <Filter>Runners</Filter>
    </ClInclude>
    <ClInclude Include="src\Math\Quaternion.h">
      <Filter>Math</Filter>
    </ClInclude>
    <ClInclude Include="src\Math\AxisAngle.h">
      <Filter>Math</Filter>
    </ClInclude>
    <ClInclude Include="src\Raytracing\Camera.h">
      <Filter>Raytracing</Filter>
    </ClInclude>
    <ClInclude Include="src\Raytracing\Intersection.h">
      <Filter>Raytracing</Filter>
    </ClInclude>
    <ClInclude Include="src\Raytracing\Material.h">
      <Filter>Raytracing</Filter>
    </ClInclude>
    <ClInclude Include="src\Raytracing\Ray.h">
      <Filter>Raytracing</Filter>
    </ClInclude>
    <ClInclude Include="src\Raytracing\Raytracer.h">
      <Filter>Raytracing</Filter>
    </ClInclude>
    <ClInclude Include="src\Raytracing\Scene.h">
      <Filter>Raytracing</Filter>
    </ClInclude>
    <ClInclude Include="src\Utils\PerlinNoise.h">
      <Filter>Utils</Filter>
    </ClInclude>
    <ClInclude Include="src\Math\MovingAverage.h">
      <Filter>Math</Filter>
    </ClInclude>
    <ClInclude Include="src\CLRaytracing\CLRaytracer.h">
      <Filter>CLRaytracing</Filter>
    </ClInclude>
    <ClInclude Include="src\CLRaytracing\CLScene.h">
      <Filter>CLRaytracing</Filter>
    </ClInclude>
    <ClInclude Include="src\CLRaytracing\CLStructs.h">
      <Filter>CLRaytracing</Filter>
    </ClInclude>
    <ClInclude Include="src\CLRaytracing\CLManager.h">
      <Filter>CLRaytracing</Filter>
    </ClInclude>
    <ClInclude Include="src\Rendering\GLHelper.h">
      <Filter>Rendering</Filter>
    </ClInclude>
    <ClInclude Include="src\InteractiveStates\InteractiveState.h">
      <Filter>InteractiveStates</Filter>
    </ClInclude>
    <ClInclude Include="src\InteractiveStates\RaytracingState.h">
      <Filter>InteractiveStates</Filter>
    </ClInclude>
    <ClInclude Include="src\Rendering\Image.h">
      <Filter>Rendering</Filter>
    </ClInclude>
    <ClInclude Include="src\Raytracing\RaytracerState.h">
      <Filter>Raytracing</Filter>
    </ClInclude>
    <ClInclude Include="src\Rendering\ToneMapper.h">
      <Filter>Rendering</Filter>
    </ClInclude>
    <ClInclude Include="src\Utils\PoissonDisc.h">
      <Filter>Utils</Filter>
    </ClInclude>
    <ClInclude Include="src\Utils\CellNoise.h">
      <Filter>Utils</Filter>
    </ClInclude>
    <ClInclude Include="src\Raytracing\Lights.h">
      <Filter>Raytracing</Filter>
    </ClInclude>
    <ClInclude Include="src\Utils\Serialization.h">
      <Filter>Utils</Filter>
    </ClInclude>
    <ClInclude Include="src\Raytracing\Textures\CellNoiseTexture.h">
      <Filter>Raytracing\Textures</Filter>
    </ClInclude>
    <ClInclude Include="src\Raytracing\Textures\CheckerTexture.h">
      <Filter>Raytracing\Textures</Filter>
    </ClInclude>
    <ClInclude Include="src\Raytracing\Textures\ColorTexture.h">
      <Filter>Raytracing\Textures</Filter>
    </ClInclude>
    <ClInclude Include="src\Raytracing\Textures\FireTexture.h">
      <Filter>Raytracing\Textures</Filter>
    </ClInclude>
    <ClInclude Include="src\Raytracing\Textures\ImageTexture.h">
      <Filter>Raytracing\Textures</Filter>
    </ClInclude>
    <ClInclude Include="src\Raytracing\Textures\MarbleTexture.h">
      <Filter>Raytracing\Textures</Filter>
    </ClInclude>
    <ClInclude Include="src\Raytracing\Textures\PerlinNoiseTexture.h">
      <Filter>Raytracing\Textures</Filter>
    </ClInclude>
    <ClInclude Include="src\Raytracing\Textures\Texture.h">
      <Filter>Raytracing\Textures</Filter>
    </ClInclude>
    <ClInclude Include="src\Raytracing\Textures\WoodTexture.h">
      <Filter>Raytracing\Textures</Filter>
    </ClInclude>
    <ClInclude Include="src\Raytracing\Primitives\Mesh.h">
      <Filter>Raytracing\Primitives</Filter>
    </ClInclude>
    <ClInclude Include="src\Raytracing\Primitives\Plane.h">
      <Filter>Raytracing\Primitives</Filter>
    </ClInclude>
    <ClInclude Include="src\Raytracing\Primitives\Primitive.h">
      <Filter>Raytracing\Primitives</Filter>
    </ClInclude>
    <ClInclude Include="src\Raytracing\Primitives\Sphere.h">
      <Filter>Raytracing\Primitives</Filter>
    </ClInclude>
    <ClInclude Include="src\Raytracing\Primitives\Triangle.h">
      <Filter>Raytracing\Primitives</Filter>
    </ClInclude>
    <ClInclude Include="src\Math\ColorGradient.h">
      <Filter>Math</Filter>
    </ClInclude>
    <ClInclude Include="src\Utils\StringUtils.h">
      <Filter>Utils</Filter>
    </ClInclude>
    <ClInclude Include="src\Utils\ObjReader.h">
      <Filter>Utils</Filter>
    </ClInclude>
    <ClInclude Include="src\Raytracing\Textures\AtmosphereTexture.h">
      <Filter>Raytracing\Textures</Filter>
    </ClInclude>
    <ClInclude Include="src\Raytracing\Textures\VoronoiTexture.h">
      <Filter>Raytracing\Textures</Filter>
    </ClInclude>
    <ClInclude Include="src\Utils\ValueNoise.h">
      <Filter>Utils</Filter>
    </ClInclude>
    <ClInclude Include="src\Raytracing\Textures\ValueNoiseTexture.h">
      <Filter>Raytracing\Textures</Filter>
    </ClInclude>
  </ItemGroup>
  <ItemGroup>
    <ResourceCompile Include="platform\windows\raycer.rc">
      <Filter>Resources</Filter>
    </ResourceCompile>
  </ItemGroup>
  <ItemGroup>
    <None Include="data\shaders\framebuffer.frag">
      <Filter>Shaders</Filter>
    </None>
    <None Include="data\shaders\framebuffer.vert">
      <Filter>Shaders</Filter>
    </None>
    <None Include="data\shaders\framebuffer_bicubic.frag">
      <Filter>Shaders</Filter>
    </None>
    <None Include="data\shaders\framebuffer_bicubic.vert">
      <Filter>Shaders</Filter>
    </None>
    <None Include="data\shaders\text.frag">
      <Filter>Shaders</Filter>
    </None>
    <None Include="data\shaders\text.vert">
      <Filter>Shaders</Filter>
    </None>
    <None Include="src\CLRaytracing\raytrace.cl">
      <Filter>CLRaytracing</Filter>
    </None>
    <None Include="src\CLRaytracing\structs.cl">
      <Filter>CLRaytracing</Filter>
    </None>
  </ItemGroup>
</Project>