<?xml version="1.0" encoding="utf-8"?>
<Project ToolsVersion="4.0" xmlns="http://schemas.microsoft.com/developer/msbuild/2003">
  <ItemGroup>
    <Filter Include="Framebuffer">
      <UniqueIdentifier>{3298a3dc-4c2d-41e0-b3c7-f18c557d0a01}</UniqueIdentifier>
    </Filter>
    <Filter Include="Utils">
      <UniqueIdentifier>{6897ec37-10ba-46bb-af5a-d87e8155dbbf}</UniqueIdentifier>
    </Filter>
    <Filter Include="States">
      <UniqueIdentifier>{7bb3215d-2403-44f1-9685-2b5c83e9f9ea}</UniqueIdentifier>
    </Filter>
    <Filter Include="Resources">
      <UniqueIdentifier>{0efe9c13-6183-4c2c-832f-7b9e03c0af81}</UniqueIdentifier>
    </Filter>
    <Filter Include="App">
      <UniqueIdentifier>{1ec16308-2ef3-45bb-a552-407793aa1a71}</UniqueIdentifier>
    </Filter>
    <Filter Include="Math">
      <UniqueIdentifier>{947ff596-4f44-479c-83da-3d73818002a9}</UniqueIdentifier>
    </Filter>
  </ItemGroup>
  <ItemGroup>
    <ClCompile Include="src\Main.cpp" />
    <ClCompile Include="src\Framebuffer\Font.cpp">
      <Filter>Framebuffer</Filter>
    </ClCompile>
    <ClCompile Include="src\Framebuffer\Framebuffer.cpp">
      <Filter>Framebuffer</Filter>
    </ClCompile>
    <ClCompile Include="src\Utils\FpsCounter.cpp">
      <Filter>Utils</Filter>
    </ClCompile>
    <ClCompile Include="src\Utils\IniReader.cpp">
      <Filter>Utils</Filter>
    </ClCompile>
    <ClCompile Include="src\Utils\Log.cpp">
      <Filter>Utils</Filter>
    </ClCompile>
    <ClCompile Include="src\App\App.cpp">
      <Filter>App</Filter>
    </ClCompile>
    <ClCompile Include="src\App\Settings.cpp">
      <Filter>App</Filter>
    </ClCompile>
    <ClCompile Include="src\Math\Color.cpp">
      <Filter>Math</Filter>
    </ClCompile>
    <ClCompile Include="src\Math\Vector3.cpp">
      <Filter>Math</Filter>
    </ClCompile>
    <ClCompile Include="src\Math\Matrix4x4.cpp">
      <Filter>Math</Filter>
    </ClCompile>
    <ClCompile Include="src\Math\MathUtils.cpp">
      <Filter>Math</Filter>
    </ClCompile>
    <ClCompile Include="src\States\TestState.cpp">
      <Filter>States</Filter>
    </ClCompile>
  </ItemGroup>
  <ItemGroup>
    <ClInclude Include="src\Framebuffer\Font.h">
      <Filter>Framebuffer</Filter>
    </ClInclude>
    <ClInclude Include="src\Framebuffer\Framebuffer.h">
      <Filter>Framebuffer</Filter>
    </ClInclude>
    <ClInclude Include="src\Utils\FpsCounter.h">
      <Filter>Utils</Filter>
    </ClInclude>
    <ClInclude Include="src\Utils\IniReader.h">
      <Filter>Utils</Filter>
    </ClInclude>
    <ClInclude Include="src\Utils\Log.h">
      <Filter>Utils</Filter>
    </ClInclude>
    <ClInclude Include="src\App\App.h">
      <Filter>App</Filter>
    </ClInclude>
    <ClInclude Include="src\App\Settings.h">
      <Filter>App</Filter>
    </ClInclude>
    <ClInclude Include="src\Math\Color.h">
      <Filter>Math</Filter>
    </ClInclude>
    <ClInclude Include="src\Math\Vector3.h">
      <Filter>Math</Filter>
    </ClInclude>
    <ClInclude Include="src\Math\Matrix4x4.h">
      <Filter>Math</Filter>
    </ClInclude>
    <ClInclude Include="src\Math\MathUtils.h">
      <Filter>Math</Filter>
    </ClInclude>
    <ClInclude Include="src\States\TestState.h">
      <Filter>States</Filter>
    </ClInclude>
    <ClInclude Include="src\App\AppStateBase.h">
      <Filter>App</Filter>
    </ClInclude>
  </ItemGroup>
  <ItemGroup>
    <ResourceCompile Include="platform\windows\raycer.rc">
      <Filter>Resources</Filter>
    </ResourceCompile>
  </ItemGroup>
</Project>