<?xml version="1.0" encoding="utf-8"?>
<Project ToolsVersion="4.0" xmlns="http://schemas.microsoft.com/developer/msbuild/2003">
  <ItemGroup>
    <Filter Include="Utils">
      <UniqueIdentifier>{6897ec37-10ba-46bb-af5a-d87e8155dbbf}</UniqueIdentifier>
    </Filter>
    <Filter Include="States">
      <UniqueIdentifier>{7bb3215d-2403-44f1-9685-2b5c83e9f9ea}</UniqueIdentifier>
    </Filter>
    <Filter Include="Resources">
      <UniqueIdentifier>{0efe9c13-6183-4c2c-832f-7b9e03c0af81}</UniqueIdentifier>
    </Filter>
    <Filter Include="Math">
      <UniqueIdentifier>{947ff596-4f44-479c-83da-3d73818002a9}</UniqueIdentifier>
    </Filter>
    <Filter Include="Rendering">
      <UniqueIdentifier>{ee006dfd-3ff2-40be-ab1e-75c5401bdc0d}</UniqueIdentifier>
    </Filter>
    <Filter Include="Runners">
      <UniqueIdentifier>{d64a85d7-397e-4fdc-a313-bafb5e00147e}</UniqueIdentifier>
    </Filter>
    <Filter Include="CpuRaytracing">
      <UniqueIdentifier>{99754385-78c4-4170-a243-c1513a21c797}</UniqueIdentifier>
    </Filter>
    <Filter Include="GpuRaytracing">
      <UniqueIdentifier>{8e46c315-d15d-4be8-96cb-153f59924555}</UniqueIdentifier>
    </Filter>
  </ItemGroup>
  <ItemGroup>
    <ClCompile Include="src\Utils\FpsCounter.cpp">
      <Filter>Utils</Filter>
    </ClCompile>
    <ClCompile Include="src\Utils\IniReader.cpp">
      <Filter>Utils</Filter>
    </ClCompile>
    <ClCompile Include="src\Utils\Log.cpp">
      <Filter>Utils</Filter>
    </ClCompile>
    <ClCompile Include="src\Math\Color.cpp">
      <Filter>Math</Filter>
    </ClCompile>
    <ClCompile Include="src\Math\Vector3.cpp">
      <Filter>Math</Filter>
    </ClCompile>
    <ClCompile Include="src\Math\Matrix4x4.cpp">
      <Filter>Math</Filter>
    </ClCompile>
    <ClCompile Include="src\Math\MathUtils.cpp">
      <Filter>Math</Filter>
    </ClCompile>
    <ClCompile Include="src\Math\EulerAngle.cpp">
      <Filter>Math</Filter>
    </ClCompile>
    <ClCompile Include="src\Math\Vector2.cpp">
      <Filter>Math</Filter>
    </ClCompile>
    <ClCompile Include="src\Rendering\Framebuffer.cpp">
      <Filter>Rendering</Filter>
    </ClCompile>
    <ClCompile Include="src\Rendering\Image.cpp">
      <Filter>Rendering</Filter>
    </ClCompile>
    <ClCompile Include="src\Runners\ConsoleRunner.cpp">
      <Filter>Runners</Filter>
    </ClCompile>
    <ClCompile Include="src\Runners\InteractiveRunner.cpp">
      <Filter>Runners</Filter>
    </ClCompile>
    <ClCompile Include="src\CpuRaytracing\Camera.cpp">
      <Filter>CpuRaytracing</Filter>
    </ClCompile>
    <ClCompile Include="src\CpuRaytracing\Mesh.cpp">
      <Filter>CpuRaytracing</Filter>
    </ClCompile>
    <ClCompile Include="src\CpuRaytracing\Plane.cpp">
      <Filter>CpuRaytracing</Filter>
    </ClCompile>
    <ClCompile Include="src\CpuRaytracing\Ray.cpp">
      <Filter>CpuRaytracing</Filter>
    </ClCompile>
    <ClCompile Include="src\CpuRaytracing\Scene.cpp">
      <Filter>CpuRaytracing</Filter>
    </ClCompile>
    <ClCompile Include="src\CpuRaytracing\Sphere.cpp">
      <Filter>CpuRaytracing</Filter>
    </ClCompile>
    <ClCompile Include="src\CpuRaytracing\Triangle.cpp">
      <Filter>CpuRaytracing</Filter>
    </ClCompile>
    <ClCompile Include="src\CpuRaytracing\CpuRaytracer.cpp">
      <Filter>CpuRaytracing</Filter>
    </ClCompile>
    <ClCompile Include="src\GpuRaytracing\GpuRaytracer.cpp">
      <Filter>GpuRaytracing</Filter>
    </ClCompile>
    <ClCompile Include="src\States\CpuTracingState.cpp">
      <Filter>States</Filter>
    </ClCompile>
    <ClCompile Include="src\States\GpuTracingState.cpp">
      <Filter>States</Filter>
    </ClCompile>
    <ClCompile Include="src\Utils\Settings.cpp">
      <Filter>Utils</Filter>
    </ClCompile>
    <ClCompile Include="src\App.cpp" />
    <ClCompile Include="src\GpuRaytracing\OpenCL.cpp">
      <Filter>GpuRaytracing</Filter>
    </ClCompile>
    <ClCompile Include="src\Utils\Errors.cpp">
      <Filter>Utils</Filter>
    </ClCompile>
    <ClCompile Include="src\Rendering\Text.cpp">
      <Filter>Rendering</Filter>
    </ClCompile>
    <ClCompile Include="src\Utils\OpenGL.cpp">
      <Filter>Utils</Filter>
    </ClCompile>
  </ItemGroup>
  <ItemGroup>
    <ClInclude Include="src\Utils\FpsCounter.h">
      <Filter>Utils</Filter>
    </ClInclude>
    <ClInclude Include="src\Utils\IniReader.h">
      <Filter>Utils</Filter>
    </ClInclude>
    <ClInclude Include="src\Utils\Log.h">
      <Filter>Utils</Filter>
    </ClInclude>
    <ClInclude Include="src\Math\Color.h">
      <Filter>Math</Filter>
    </ClInclude>
    <ClInclude Include="src\Math\Vector3.h">
      <Filter>Math</Filter>
    </ClInclude>
    <ClInclude Include="src\Math\Matrix4x4.h">
      <Filter>Math</Filter>
    </ClInclude>
    <ClInclude Include="src\Math\MathUtils.h">
      <Filter>Math</Filter>
    </ClInclude>
    <ClInclude Include="src\Math\EulerAngle.h">
      <Filter>Math</Filter>
    </ClInclude>
    <ClInclude Include="src\Math\Vector2.h">
      <Filter>Math</Filter>
    </ClInclude>
    <ClInclude Include="src\Rendering\Framebuffer.h">
      <Filter>Rendering</Filter>
    </ClInclude>
    <ClInclude Include="src\Rendering\RenderTarget.h">
      <Filter>Rendering</Filter>
    </ClInclude>
    <ClInclude Include="src\Rendering\Image.h">
      <Filter>Rendering</Filter>
    </ClInclude>
    <ClInclude Include="src\States\InteractiveState.h">
      <Filter>States</Filter>
    </ClInclude>
    <ClInclude Include="src\Runners\ConsoleRunner.h">
      <Filter>Runners</Filter>
    </ClInclude>
    <ClInclude Include="src\Runners\InteractiveRunner.h">
      <Filter>Runners</Filter>
    </ClInclude>
    <ClInclude Include="src\CpuRaytracing\Camera.h">
      <Filter>CpuRaytracing</Filter>
    </ClInclude>
    <ClInclude Include="src\CpuRaytracing\Intersection.h">
      <Filter>CpuRaytracing</Filter>
    </ClInclude>
    <ClInclude Include="src\CpuRaytracing\Light.h">
      <Filter>CpuRaytracing</Filter>
    </ClInclude>
    <ClInclude Include="src\CpuRaytracing\Material.h">
      <Filter>CpuRaytracing</Filter>
    </ClInclude>
    <ClInclude Include="src\CpuRaytracing\Mesh.h">
      <Filter>CpuRaytracing</Filter>
    </ClInclude>
    <ClInclude Include="src\CpuRaytracing\Plane.h">
      <Filter>CpuRaytracing</Filter>
    </ClInclude>
    <ClInclude Include="src\CpuRaytracing\Primitive.h">
      <Filter>CpuRaytracing</Filter>
    </ClInclude>
    <ClInclude Include="src\CpuRaytracing\Ray.h">
      <Filter>CpuRaytracing</Filter>
    </ClInclude>
    <ClInclude Include="src\CpuRaytracing\Scene.h">
      <Filter>CpuRaytracing</Filter>
    </ClInclude>
    <ClInclude Include="src\CpuRaytracing\Sphere.h">
      <Filter>CpuRaytracing</Filter>
    </ClInclude>
    <ClInclude Include="src\CpuRaytracing\Triangle.h">
      <Filter>CpuRaytracing</Filter>
    </ClInclude>
    <ClInclude Include="src\CpuRaytracing\CpuRaytracer.h">
      <Filter>CpuRaytracing</Filter>
    </ClInclude>
    <ClInclude Include="src\GpuRaytracing\GpuRaytracer.h">
      <Filter>GpuRaytracing</Filter>
    </ClInclude>
    <ClInclude Include="src\States\CpuTracingState.h">
      <Filter>States</Filter>
    </ClInclude>
    <ClInclude Include="src\States\GpuTracingState.h">
      <Filter>States</Filter>
    </ClInclude>
    <ClInclude Include="src\Utils\Settings.h">
      <Filter>Utils</Filter>
    </ClInclude>
    <ClInclude Include="src\App.h" />
    <ClInclude Include="src\GpuRaytracing\OpenCL.h">
      <Filter>GpuRaytracing</Filter>
    </ClInclude>
    <ClInclude Include="src\Utils\Errors.h">
      <Filter>Utils</Filter>
    </ClInclude>
    <ClInclude Include="src\Rendering\Text.h">
      <Filter>Rendering</Filter>
    </ClInclude>
    <ClInclude Include="src\Utils\OpenGL.h">
      <Filter>Utils</Filter>
    </ClInclude>
  </ItemGroup>
  <ItemGroup>
    <ResourceCompile Include="platform\windows\raycer.rc">
      <Filter>Resources</Filter>
    </ResourceCompile>
  </ItemGroup>
  <ItemGroup>
    <None Include="src\GpuRaytracing\raytrace.cl">
      <Filter>GpuRaytracing</Filter>
    </None>
  </ItemGroup>
</Project>